
Microsoft Visual Studio Solution File, Format Version 12.00
# Visual Studio 15
VisualStudioVersion = 15.0.27130.2010
MinimumVisualStudioVersion = 10.0.40219.1
Project("{FAE04EC0-301F-11D3-BF4B-00C04F79EFBC}") = "Trending", "Trending\Trending.csproj", "{D84EF694-0482-4AB2-B8E0-41443BDF320C}"
EndProject
Project("{FAE04EC0-301F-11D3-BF4B-00C04F79EFBC}") = "MSTesting", "MSTest\MSTesting.csproj", "{B7383BB7-5F82-4BDA-BD26-FDDD662218D5}"
EndProject
Project("{FAE04EC0-301F-11D3-BF4B-00C04F79EFBC}") = "NUnitTest", "NUnitTest\NUnitTest.csproj", "{1B5E8347-7E11-4E32-84A3-C0FBF0C22852}"
EndProject
Project("{FAE04EC0-301F-11D3-BF4B-00C04F79EFBC}") = "XUnitTest", "XUnitTest\XUnitTest.csproj", "{3E981077-0AA7-41F9-9AA1-EAB90A387908}"
EndProject
Global
	GlobalSection(SolutionConfigurationPlatforms) = preSolution
		Debug|Any CPU = Debug|Any CPU
		Release|Any CPU = Release|Any CPU
	EndGlobalSection
	GlobalSection(ProjectConfigurationPlatforms) = postSolution
		{D84EF694-0482-4AB2-B8E0-41443BDF320C}.Debug|Any CPU.ActiveCfg = Debug|Any CPU
		{D84EF694-0482-4AB2-B8E0-41443BDF320C}.Debug|Any CPU.Build.0 = Debug|Any CPU
		{D84EF694-0482-4AB2-B8E0-41443BDF320C}.Release|Any CPU.ActiveCfg = Release|Any CPU
		{D84EF694-0482-4AB2-B8E0-41443BDF320C}.Release|Any CPU.Build.0 = Release|Any CPU
		{B7383BB7-5F82-4BDA-BD26-FDDD662218D5}.Debug|Any CPU.ActiveCfg = Debug|Any CPU
		{B7383BB7-5F82-4BDA-BD26-FDDD662218D5}.Debug|Any CPU.Build.0 = Debug|Any CPU
		{B7383BB7-5F82-4BDA-BD26-FDDD662218D5}.Release|Any CPU.ActiveCfg = Release|Any CPU
		{B7383BB7-5F82-4BDA-BD26-FDDD662218D5}.Release|Any CPU.Build.0 = Release|Any CPU
		{1B5E8347-7E11-4E32-84A3-C0FBF0C22852}.Debug|Any CPU.ActiveCfg = Debug|Any CPU
		{1B5E8347-7E11-4E32-84A3-C0FBF0C22852}.Debug|Any CPU.Build.0 = Debug|Any CPU
		{1B5E8347-7E11-4E32-84A3-C0FBF0C22852}.Release|Any CPU.ActiveCfg = Release|Any CPU
		{1B5E8347-7E11-4E32-84A3-C0FBF0C22852}.Release|Any CPU.Build.0 = Release|Any CPU
		{3E981077-0AA7-41F9-9AA1-EAB90A387908}.Debug|Any CPU.ActiveCfg = Debug|Any CPU
		{3E981077-0AA7-41F9-9AA1-EAB90A387908}.Debug|Any CPU.Build.0 = Debug|Any CPU
		{3E981077-0AA7-41F9-9AA1-EAB90A387908}.Release|Any CPU.ActiveCfg = Release|Any CPU
		{3E981077-0AA7-41F9-9AA1-EAB90A387908}.Release|Any CPU.Build.0 = Release|Any CPU
	EndGlobalSection
	GlobalSection(SolutionProperties) = preSolution
		HideSolutionNode = FALSE
	EndGlobalSection
	GlobalSection(ExtensibilityGlobals) = postSolution
		SolutionGuid = {E6CD08B2-EE62-4065-B9B6-43F27DA9AEC5}
	EndGlobalSection
EndGlobal
